// This lockfile was autogenerated by Pants. To regenerate, run:
//
//    pants generate-lockfiles --resolve=default
//
// --- BEGIN PANTS LOCKFILE METADATA: DO NOT EDIT OR REMOVE ---
// {
//   "version": 3,
//   "valid_for_interpreter_constraints": [
//     "CPython==3.8.*"
//   ],
//   "generated_with_requirements": [
//     "aldy==4.4",
//     "setuptools",
//     "ssw-py@ git+https://github.com/mpcusack-color/ssw-py.git@b254233a1f48ffc160bff5d77a9b041c32e3cadf"
//   ],
//   "manylinux": "manylinux2014",
//   "requirement_constraints": [],
//   "only_binary": [],
//   "no_binary": []
// }
// --- END PANTS LOCKFILE METADATA ---

{
  "allow_builds": true,
  "allow_prereleases": false,
  "allow_wheels": true,
  "build_isolation": true,
  "constraints": [],
  "locked_resolves": [
    {
      "locked_requirements": [
        {
          "artifacts": [
            {
              "algorithm": "sha256",
              "hash": "0d3fe606adfa4f7db64792dd4c7aee4ee0c38ab75dfd353b7a83ed3e957fcb47",
              "url": "https://files.pythonhosted.org/packages/dd/87/de5c32fa1b1c6c3305d576e299801d8655c175ca9557019906247b994331/absl_py-1.4.0-py3-none-any.whl"
            },
            {
              "algorithm": "sha256",
              "hash": "d2c244d01048ba476e7c080bd2c6df5e141d211de80223460d5b3b8a2a58433d",
              "url": "https://files.pythonhosted.org/packages/79/c9/45ecff8055b0ce2ad2bfbf1f438b5b8605873704d50610eda05771b865a0/absl-py-1.4.0.tar.gz"
            }
          ],
          "project_name": "absl-py",
          "requires_dists": [],
          "requires_python": ">=3.6",
          "version": "1.4.0"
        },
        {
          "artifacts": [
            {
              "algorithm": "sha256",
              "hash": "69f65eeeb1f093d0d5363a537575dc6008c026187ebafc8b861358f100645dca",
              "url": "https://files.pythonhosted.org/packages/07/0c/3e27752e5a88136f8cc014640ee4ae63c5c21d10b80fd632e60711d34723/aldy-4.4.tar.gz"
            }
          ],
          "project_name": "aldy",
          "requires_dists": [
            "cython",
            "logbook",
            "mappy",
            "natsort",
            "numpy",
            "ortools",
            "pysam",
            "pytest",
            "pyyaml"
          ],
          "requires_python": null,
          "version": "4.4"
        },
        {
          "artifacts": [
            {
              "algorithm": "sha256",
              "hash": "29e95c7f6778868dbd49170f98f8818f78f3dc5e0e37c0b1f474e3561b240836",
              "url": "https://files.pythonhosted.org/packages/fb/6e/6f83bf616d2becdf333a1640f1d463fef3150e2e926b7010cb0f81c95e88/attrs-22.2.0-py3-none-any.whl"
            },
            {
              "algorithm": "sha256",
              "hash": "c9227bfc2f01993c03f68db37d1d15c9690188323c067c641f1a35ca58185f99",
              "url": "https://files.pythonhosted.org/packages/21/31/3f468da74c7de4fcf9b25591e682856389b3400b4b62f201e65f15ea3e07/attrs-22.2.0.tar.gz"
            }
          ],
          "project_name": "attrs",
          "requires_dists": [
            "attrs[docs,tests]; extra == \"dev\"",
            "attrs[tests-no-zope]; extra == \"tests\"",
            "attrs[tests]; extra == \"cov\"",
            "cloudpickle; platform_python_implementation == \"CPython\" and extra == \"tests-no-zope\"",
            "cloudpickle; platform_python_implementation == \"CPython\" and extra == \"tests_no_zope\"",
            "coverage-enable-subprocess; extra == \"cov\"",
            "coverage[toml]>=5.3; extra == \"cov\"",
            "furo; extra == \"docs\"",
            "hypothesis; extra == \"tests-no-zope\"",
            "hypothesis; extra == \"tests_no_zope\"",
            "mypy<0.990,>=0.971; platform_python_implementation == \"CPython\" and extra == \"tests-no-zope\"",
            "mypy<0.990,>=0.971; platform_python_implementation == \"CPython\" and extra == \"tests_no_zope\"",
            "myst-parser; extra == \"docs\"",
            "pympler; extra == \"tests-no-zope\"",
            "pympler; extra == \"tests_no_zope\"",
            "pytest-mypy-plugins; (platform_python_implementation == \"CPython\" and python_version < \"3.11\") and extra == \"tests-no-zope\"",
            "pytest-mypy-plugins; (platform_python_implementation == \"CPython\" and python_version < \"3.11\") and extra == \"tests_no_zope\"",
            "pytest-xdist[psutil]; extra == \"tests-no-zope\"",
            "pytest-xdist[psutil]; extra == \"tests_no_zope\"",
            "pytest>=4.3.0; extra == \"tests-no-zope\"",
            "pytest>=4.3.0; extra == \"tests_no_zope\"",
            "sphinx-notfound-page; extra == \"docs\"",
            "sphinx; extra == \"docs\"",
            "sphinxcontrib-towncrier; extra == \"docs\"",
            "towncrier; extra == \"docs\"",
            "zope.interface; extra == \"docs\"",
            "zope.interface; extra == \"tests\""
          ],
          "requires_python": ">=3.6",
          "version": "22.2.0"
        },
        {
          "artifacts": [
            {
              "algorithm": "sha256",
              "hash": "be4f6b7be75a201c290c8611c0978549c60353890204573078e865423dbe3c83",
              "url": "https://files.pythonhosted.org/packages/d2/49/9845f14b6716614c832535b67e3b491434d7fdecf510fcb6fe254f60a974/Cython-0.29.34-py2.py3-none-any.whl"
            },
            {
              "algorithm": "sha256",
              "hash": "1909688f5d7b521a60c396d20bba9e47a1b2d2784bfb085401e1e1e7d29a29a8",
              "url": "https://files.pythonhosted.org/packages/0a/70/1500f05bddb16d795b29fac42954b3c8764c82367b8326c10f038471ae7f/Cython-0.29.34.tar.gz"
            },
            {
              "algorithm": "sha256",
              "hash": "a8ad755f9364e720f10a36734a1c7a5ced5c679446718b589259261438a517c9",
              "url": "https://files.pythonhosted.org/packages/18/0d/1ef8b236b029c1bb3b04ba2b7cc167d3b84ad60eba0d2d3241fcecf208a9/Cython-0.29.34-cp38-cp38-manylinux_2_17_x86_64.manylinux2014_x86_64.manylinux_2_24_x86_64.whl"
            },
            {
              "algorithm": "sha256",
              "hash": "7595d29eaee95633dd8060f50f0e54b27472d01587659557ebcfe39da3ea946b",
              "url": "https://files.pythonhosted.org/packages/42/e2/85ef37e984213c0867ca767846c61095d802cd5686ee338aaf8ea7354e94/Cython-0.29.34-cp38-cp38-manylinux_2_5_i686.manylinux1_i686.manylinux_2_24_i686.whl"
            },
            {
              "algorithm": "sha256",
              "hash": "e6ef7879668214d80ea3914c17e7d4e1ebf4242e0dd4dabe95ca5ccbe75589a5",
              "url": "https://files.pythonhosted.org/packages/b3/4e/5ca633f3cdac081118d63e38afb7e1168384e5f3cc967cfe231078369fc4/Cython-0.29.34-cp38-cp38-manylinux_2_5_i686.manylinux1_i686.whl"
            },
            {
              "algorithm": "sha256",
              "hash": "11b1b278b8edef215caaa5250ad65a10023bfa0b5a93c776552248fc6f60098d",
              "url": "https://files.pythonhosted.org/packages/b8/a6/8202af91cf8aa2e6b024d9d17d887f228d4173ae0101af9d25adff26cb70/Cython-0.29.34-cp38-cp38-musllinux_1_1_x86_64.whl"
            },
            {
              "algorithm": "sha256",
              "hash": "bdb3285660e3068438791ace7dd7b1efd6b442a10b5c8d7a4f0c9d184d08c8ed",
              "url": "https://files.pythonhosted.org/packages/c4/97/4bc6ac2c2334ff039c23a9f2aa99f70b7d07fa0a995a53c6d018a254cd4f/Cython-0.29.34-cp38-cp38-manylinux_2_17_aarch64.manylinux2014_aarch64.manylinux_2_24_aarch64.whl"
            },
            {
              "algorithm": "sha256",
              "hash": "ccb223b5f0fd95d8d27561efc0c14502c0945f1a32274835831efa5d5baddfc1",
              "url": "https://files.pythonhosted.org/packages/f8/77/1d4e1487d93aaabfc696b733abe12f91cb3dac3d6fec2f53efb946ed7fc4/Cython-0.29.34-cp38-cp38-manylinux_2_5_x86_64.manylinux1_x86_64.whl"
            }
          ],
          "project_name": "cython",
          "requires_dists": [],
          "requires_python": "!=3.0.*,!=3.1.*,!=3.2.*,>=2.6",
          "version": "0.29.34"
        },
        {
          "artifacts": [
            {
              "algorithm": "sha256",
              "hash": "232c37c63e4f682982c8b6459f33a8981039e5fb8756b2074364e5055c498c9e",
              "url": "https://files.pythonhosted.org/packages/61/97/17ed81b7a8d24d8f69b62c0db37abbd8c0042d4b3fc429c73dab986e7483/exceptiongroup-1.1.1-py3-none-any.whl"
            },
            {
              "algorithm": "sha256",
              "hash": "d484c3090ba2889ae2928419117447a14daf3c1231d5e30d0aae34f354f01785",
              "url": "https://files.pythonhosted.org/packages/cc/38/57f14ddc8e8baeddd8993a36fe57ce7b4ba174c35048b9a6d270bb01e833/exceptiongroup-1.1.1.tar.gz"
            }
          ],
          "project_name": "exceptiongroup",
          "requires_dists": [
            "pytest>=6; extra == \"test\""
          ],
          "requires_python": ">=3.7",
          "version": "1.1.1"
        },
        {
          "artifacts": [
            {
              "algorithm": "sha256",
              "hash": "b6a85871a79d2e3b22d2d1b94ac2824226a63c6b741c88f7ae975f18b6778374",
              "url": "https://files.pythonhosted.org/packages/ef/a6/62565a6e1cf69e10f5727360368e451d4b7f58beeac6173dc9db836a5b46/iniconfig-2.0.0-py3-none-any.whl"
            },
            {
              "algorithm": "sha256",
              "hash": "2d91e135bf72d31a410b17c16da610a82cb55f6b0477d1a902134b24a455b8b3",
              "url": "https://files.pythonhosted.org/packages/d7/4b/cbd8e699e64a6f16ca3a8220661b5f83792b3017d0f79807cb8708d33913/iniconfig-2.0.0.tar.gz"
            }
          ],
          "project_name": "iniconfig",
          "requires_dists": [],
          "requires_python": ">=3.7",
          "version": "2.0.0"
        },
        {
          "artifacts": [
            {
              "algorithm": "sha256",
              "hash": "66f454ada0f56eae43066f604a222b09893f98c1adc18df169710761b8f32fe8",
              "url": "https://files.pythonhosted.org/packages/2f/d9/16ac346f7c0102835814cc9e5b684aaadea101560bb932a2403bd26b2320/Logbook-1.5.3.tar.gz"
            }
          ],
          "project_name": "logbook",
          "requires_dists": [
            "Jinja2; extra == \"all\"",
            "Jinja2; extra == \"jinja\"",
            "brotli; extra == \"all\"",
            "brotli; extra == \"compression\"",
            "cython; extra == \"all\"",
            "cython; extra == \"dev\"",
            "execnet>=1.0.9; extra == \"all\"",
            "execnet>=1.0.9; extra == \"execnet\"",
            "pytest-cov>=2.6; extra == \"all\"",
            "pytest-cov>=2.6; extra == \"dev\"",
            "pytest-cov>=2.6; extra == \"test\"",
            "pytest>4.0; extra == \"all\"",
            "pytest>4.0; extra == \"dev\"",
            "pytest>4.0; extra == \"test\"",
            "pyzmq; extra == \"all\"",
            "pyzmq; extra == \"zmq\"",
            "redis; extra == \"all\"",
            "redis; extra == \"redis\"",
            "sqlalchemy; extra == \"all\"",
            "sqlalchemy; extra == \"sqlalchemy\""
          ],
          "requires_python": null,
          "version": "1.5.3"
        },
        {
          "artifacts": [
            {
              "algorithm": "sha256",
              "hash": "35a2fb73ef14173283d5abb31e7a318429e0330c3be95851df38dd83d4ff9af9",
              "url": "https://files.pythonhosted.org/packages/9b/41/52391258e16bcc8182ddf3133d86408ed17d8d8fd6e30eea4960df29b64b/mappy-2.24.tar.gz"
            }
          ],
          "project_name": "mappy",
          "requires_dists": [],
          "requires_python": null,
          "version": "2.24"
        },
        {
          "artifacts": [
            {
              "algorithm": "sha256",
              "hash": "d583bc9050dd10538de36297c960b93f873f0cd01671a3c50df5bd86dd391dcb",
              "url": "https://files.pythonhosted.org/packages/5f/e1/70d203ba3ae5476f25fb8a2015d6a7ff156a4ce4795e36955c144ea5a826/natsort-8.3.1-py3-none-any.whl"
            },
            {
              "algorithm": "sha256",
              "hash": "517595492dde570a4fd6b6a76f644440c1ba51e2338c8a671d7f0475fda8f9fd",
              "url": "https://files.pythonhosted.org/packages/47/2a/bf13bfc1a51b6df2f823909c6d4f674a256e3f29401825e1d56ca2a95dc9/natsort-8.3.1.tar.gz"
            }
          ],
          "project_name": "natsort",
          "requires_dists": [
            "PyICU>=1.0.0; extra == \"icu\"",
            "fastnumbers>=2.0.0; extra == \"fast\""
          ],
          "requires_python": ">=3.7",
          "version": "8.3.1"
        },
        {
          "artifacts": [
            {
              "algorithm": "sha256",
              "hash": "f9006288bcf4895917d02583cf3411f98631275bc67cce355a7f39f8c14338fa",
              "url": "https://files.pythonhosted.org/packages/96/d2/87a37d505439bb92dd516c882a701fcbcae0efd95d3f1900baef8d88de93/numpy-1.24.2-pp38-pypy38_pp73-manylinux_2_17_x86_64.manylinux2014_x86_64.whl"
            },
            {
              "algorithm": "sha256",
              "hash": "c72a6b2f4af1adfe193f7beb91ddf708ff867a3f977ef2ec53c0ffb8283ab9f5",
              "url": "https://files.pythonhosted.org/packages/28/e4/8acb46849784d2cefa383596299123d3f0330c627fa55c95bfd4a0ef5172/numpy-1.24.2-cp38-cp38-macosx_11_0_arm64.whl"
            },
            {
              "algorithm": "sha256",
              "hash": "c29e6bd0ec49a44d7690ecb623a8eac5ab8a923bce0bea6293953992edf3a76a",
              "url": "https://files.pythonhosted.org/packages/56/16/4a1ccd05d4f77f78f64cb9cb9f3121edeeebd23d9264b0dcb903889f9c1e/numpy-1.24.2-cp38-cp38-manylinux_2_17_aarch64.manylinux2014_aarch64.whl"
            },
            {
              "algorithm": "sha256",
              "hash": "2eabd64ddb96a1239791da78fa5f4e1693ae2dadc82a76bc76a14cbb2b966e96",
              "url": "https://files.pythonhosted.org/packages/9c/ee/77768cade9607687fadbcc1dcbb82dba0554154b3aa641f9c17233ffabe8/numpy-1.24.2-cp38-cp38-manylinux_2_17_x86_64.manylinux2014_x86_64.whl"
            },
            {
              "algorithm": "sha256",
              "hash": "92011118955724465fb6853def593cf397b4a1367495e0b59a7e69d40c4eb71d",
              "url": "https://files.pythonhosted.org/packages/e3/83/1d6e5de945573bf865f05fd92144b4c08c895e4b23fcd9c5ee4955185333/numpy-1.24.2-pp38-pypy38_pp73-macosx_10_9_x86_64.whl"
            },
            {
              "algorithm": "sha256",
              "hash": "003a9f530e880cb2cd177cba1af7220b9aa42def9c4afc2a2fc3ee6be7eb2b22",
              "url": "https://files.pythonhosted.org/packages/e4/a9/6704bb5e1d1d778d3a6ee1278a8d8134f0db160e09d52863a24edb58eab5/numpy-1.24.2.tar.gz"
            },
            {
              "algorithm": "sha256",
              "hash": "d0a2db9d20117bf523dde15858398e7c0858aadca7c0f088ac0d6edd360e9ad2",
              "url": "https://files.pythonhosted.org/packages/ff/98/7b71cabcce208f8c67398e812068524e473a143342583d55955cbb92b463/numpy-1.24.2-cp38-cp38-macosx_10_9_x86_64.whl"
            }
          ],
          "project_name": "numpy",
          "requires_dists": [],
          "requires_python": ">=3.8",
          "version": "1.24.2"
        },
        {
          "artifacts": [
            {
              "algorithm": "sha256",
              "hash": "9661d68d3097f20ee7e789bbc0f7112d4afbd676a8a5dd94bbeda7002e22089a",
              "url": "https://files.pythonhosted.org/packages/9a/56/b93f326cc6f1a67a5d8c9c58b60e9e77d33aba956cdd472237be0d63d863/ortools-9.6.2534-cp38-cp38-manylinux_2_17_x86_64.manylinux2014_x86_64.whl"
            },
            {
              "algorithm": "sha256",
              "hash": "f961272381015c4d804c3077c19b5d80e64d7f69d8646e525fb27ed61afbacc9",
              "url": "https://files.pythonhosted.org/packages/35/f5/69fb18b38a06c4db7cb89d31424620fd68ae6fb3bc1336fe76685a0f981c/ortools-9.6.2534-cp38-cp38-macosx_10_15_x86_64.whl"
            },
            {
              "algorithm": "sha256",
              "hash": "19e43ff44331f4c2a4a5a886632ebe735c906acf6938aaac2813b37de806c948",
              "url": "https://files.pythonhosted.org/packages/41/53/21319e7333dd6a6f4f73ba1bdda25c57b7f2d8fb31d2a4b460423bd78387/ortools-9.6.2534-cp38-cp38-macosx_11_0_arm64.whl"
            },
            {
              "algorithm": "sha256",
              "hash": "79479aec12c434af9cbe3f792e50fff6e84c1974bd7ee89c8148eea9459df064",
              "url": "https://files.pythonhosted.org/packages/7a/9d/bfe5847de454acbe9b3623c026bf9ecac3f2b5cab08d23bc30c6b664b0fa/ortools-9.6.2534-cp38-cp38-manylinux_2_17_aarch64.manylinux2014_aarch64.whl"
            }
          ],
          "project_name": "ortools",
          "requires_dists": [
            "absl-py>=0.13",
            "numpy>=1.13.3",
            "protobuf>=4.21.12",
            "scipy>=1.10.0"
          ],
          "requires_python": ">=3.6",
          "version": "9.6.2534"
        },
        {
          "artifacts": [
            {
              "algorithm": "sha256",
              "hash": "714ac14496c3e68c99c29b00845f7a2b85f3bb6f1078fd9f72fd20f0570002b2",
              "url": "https://files.pythonhosted.org/packages/ed/35/a31aed2993e398f6b09a790a181a7927eb14610ee8bbf02dc14d31677f1c/packaging-23.0-py3-none-any.whl"
            },
            {
              "algorithm": "sha256",
              "hash": "b6ad297f8907de0fa2fe1ccbd26fdaf387f5f47c7275fedf8cce89f99446cf97",
              "url": "https://files.pythonhosted.org/packages/47/d5/aca8ff6f49aa5565df1c826e7bf5e85a6df852ee063600c1efa5b932968c/packaging-23.0.tar.gz"
            }
          ],
          "project_name": "packaging",
          "requires_dists": [],
          "requires_python": ">=3.7",
          "version": "23.0"
        },
        {
          "artifacts": [
            {
              "algorithm": "sha256",
              "hash": "74134bbf457f031a36d68416e1509f34bd5ccc019f0bcc952c7b909d06b37bd3",
              "url": "https://files.pythonhosted.org/packages/9e/01/f38e2ff29715251cf25532b9082a1589ab7e4f571ced434f98d0139336dc/pluggy-1.0.0-py2.py3-none-any.whl"
            },
            {
              "algorithm": "sha256",
              "hash": "4224373bacce55f955a878bf9cfa763c1e360858e330072059e10bad68531159",
              "url": "https://files.pythonhosted.org/packages/a1/16/db2d7de3474b6e37cbb9c008965ee63835bba517e22cdb8c35b5116b5ce1/pluggy-1.0.0.tar.gz"
            }
          ],
          "project_name": "pluggy",
          "requires_dists": [
            "importlib-metadata>=0.12; python_version < \"3.8\"",
            "pre-commit; extra == \"dev\"",
            "pytest-benchmark; extra == \"testing\"",
            "pytest; extra == \"testing\"",
            "tox; extra == \"dev\""
          ],
          "requires_python": ">=3.6",
          "version": "1.0.0"
        },
        {
          "artifacts": [
            {
              "algorithm": "sha256",
              "hash": "3e19dcf4adbf608924d3486ece469dd4f4f2cf7d2649900f0efcd1a84e8fd3ba",
              "url": "https://files.pythonhosted.org/packages/bc/6c/d9c699c39d4e1a255a597557885d6eb9e05d1b3ad6a82d1e6fb3d24717de/protobuf-4.22.1-py3-none-any.whl"
            },
            {
              "algorithm": "sha256",
              "hash": "dce7a55d501c31ecf688adb2f6c3f763cf11bc0be815d1946a84d74772ab07a7",
              "url": "https://files.pythonhosted.org/packages/4a/e0/9da6a25f4ac72455f5da9d4af8d75144d15e29d415220773850e0ec23d3e/protobuf-4.22.1.tar.gz"
            },
            {
              "algorithm": "sha256",
              "hash": "9e12e2810e7d297dbce3c129ae5e912ffd94240b050d33f9ecf023f35563b14f",
              "url": "https://files.pythonhosted.org/packages/7a/13/3f3463e7f5c7f5ea5b01e36970b6027b2287ce25546938347d9688ddfecb/protobuf-4.22.1-cp37-abi3-manylinux2014_aarch64.whl"
            },
            {
              "algorithm": "sha256",
              "hash": "953fc7904ef46900262a26374b28c2864610b60cdc8b272f864e22143f8373c4",
              "url": "https://files.pythonhosted.org/packages/f5/ac/51e7173ec5bb9e06344482bb9e17f964c63cee00de75aa5c5a32e8794fe7/protobuf-4.22.1-cp37-abi3-manylinux2014_x86_64.whl"
            },
            {
              "algorithm": "sha256",
              "hash": "5917412347e1da08ce2939eb5cd60650dfb1a9ab4606a415b9278a1041fb4d19",
              "url": "https://files.pythonhosted.org/packages/fa/09/c9b6d85a65c37a04f7c5f63ca28d143d127c0394b70ba1b419b2d0646e75/protobuf-4.22.1-cp37-abi3-macosx_10_9_universal2.whl"
            }
          ],
          "project_name": "protobuf",
          "requires_dists": [],
          "requires_python": ">=3.7",
          "version": "4.22.1"
        },
        {
          "artifacts": [
            {
              "algorithm": "sha256",
              "hash": "e14e33703bdb8ed812ab16b5c816ce68ffee2ae2a19906efdc5732c3e446791e",
              "url": "https://files.pythonhosted.org/packages/58/3f/746463a52b7e43ccd7ace167a4c64f96cb8a5fcd14a3cdae9c36deb28d41/pysam-0.20.0-cp38-cp38-manylinux_2_24_x86_64.whl"
            },
            {
              "algorithm": "sha256",
              "hash": "d958ce70865869f2aa8c8c0880ad451bafd4d5a8c94fb78a269ab913a57d9303",
              "url": "https://files.pythonhosted.org/packages/31/e7/019194574aa007c7dd6fe7ac1558d540fb397da4e8eb765542fdb92ec25b/pysam-0.20.0-cp38-cp38-manylinux_2_24_aarch64.whl"
            },
            {
              "algorithm": "sha256",
              "hash": "93f0ea6b2050ad470b5b1cdd19fae0b88afd5ae48ee6e66a0dcd054b61e9fba4",
              "url": "https://files.pythonhosted.org/packages/34/3a/b0d850cfd1fc16ebfd44015af3dfe300eb3f7a39f495629b30685daa9e50/pysam-0.20.0-cp38-cp38-manylinux_2_24_i686.whl"
            },
            {
              "algorithm": "sha256",
              "hash": "3b8a07732549ff10dfad8b0db7663076b39727a558e1f6d06ab5c6819f3cae9f",
              "url": "https://files.pythonhosted.org/packages/c3/2c/23e8e5cdd6a91a50923653a77c05db872f865a43becac463f0b2963a8199/pysam-0.20.0-cp38-cp38-macosx_10_9_x86_64.whl"
            },
            {
              "algorithm": "sha256",
              "hash": "7cc250148ba0ffc9bdc38db6988b91e13b75db0d11c18cf1336467d1c97dd312",
              "url": "https://files.pythonhosted.org/packages/e3/ad/b300abaf0de2834104b671db5aebe71616d7a36fa09a2b8a03068eb7e932/pysam-0.20.0.tar.gz"
            }
          ],
          "project_name": "pysam",
          "requires_dists": [],
          "requires_python": null,
          "version": "0.20.0"
        },
        {
          "artifacts": [
            {
              "algorithm": "sha256",
              "hash": "130328f552dcfac0b1cec75c12e3f005619dc5f874f0a06e8ff7263f0ee6225e",
              "url": "https://files.pythonhosted.org/packages/b2/68/5321b5793bd506961bd40bdbdd0674e7de4fb873ee7cab33dd27283ad513/pytest-7.2.2-py3-none-any.whl"
            },
            {
              "algorithm": "sha256",
              "hash": "c99ab0c73aceb050f68929bc93af19ab6db0558791c6a0715723abe9d0ade9d4",
              "url": "https://files.pythonhosted.org/packages/b9/29/311895d9cd3f003dd58e8fdea36dd895ba2da5c0c90601836f7de79f76fe/pytest-7.2.2.tar.gz"
            }
          ],
          "project_name": "pytest",
          "requires_dists": [
            "argcomplete; extra == \"testing\"",
            "attrs>=19.2.0",
            "colorama; sys_platform == \"win32\"",
            "exceptiongroup>=1.0.0rc8; python_version < \"3.11\"",
            "hypothesis>=3.56; extra == \"testing\"",
            "importlib-metadata>=0.12; python_version < \"3.8\"",
            "iniconfig",
            "mock; extra == \"testing\"",
            "nose; extra == \"testing\"",
            "packaging",
            "pluggy<2.0,>=0.12",
            "pygments>=2.7.2; extra == \"testing\"",
            "requests; extra == \"testing\"",
            "tomli>=1.0.0; python_version < \"3.11\"",
            "xmlschema; extra == \"testing\""
          ],
          "requires_python": ">=3.7",
          "version": "7.2.2"
        },
        {
          "artifacts": [
            {
              "algorithm": "sha256",
              "hash": "277a0ef2981ca40581a47093e9e2d13b3f1fbbeffae064c1d21bfceba2030287",
              "url": "https://files.pythonhosted.org/packages/d7/42/7ad4b6d67a16229496d4f6e74201bdbebcf4bc1e87d5a70c9297d4961bd2/PyYAML-6.0-cp38-cp38-manylinux_2_5_x86_64.manylinux1_x86_64.manylinux_2_12_x86_64.manylinux2010_x86_64.whl"
            },
            {
              "algorithm": "sha256",
              "hash": "68fb519c14306fec9720a2a5b45bc9f0c8d1b9c72adf45c37baedfcd949c35a2",
              "url": "https://files.pythonhosted.org/packages/36/2b/61d51a2c4f25ef062ae3f74576b01638bebad5e045f747ff12643df63844/PyYAML-6.0.tar.gz"
            },
            {
              "algorithm": "sha256",
              "hash": "9fa600030013c4de8165339db93d182b9431076eb98eb40ee068700c9c813e34",
              "url": "https://files.pythonhosted.org/packages/63/6b/f5dc7942bac17192f4ef00b2d0cdd1ae45eea453d05c1944c0573debe945/PyYAML-6.0-cp38-cp38-manylinux_2_17_s390x.manylinux2014_s390x.whl"
            },
            {
              "algorithm": "sha256",
              "hash": "213c60cd50106436cc818accf5baa1aba61c0189ff610f64f4a3e8c6726218ba",
              "url": "https://files.pythonhosted.org/packages/6c/3d/524c642f3db37e7e7ab8d13a3f8b0c72d04a619abc19100097d987378fc6/PyYAML-6.0-cp38-cp38-manylinux_2_17_aarch64.manylinux2014_aarch64.whl"
            },
            {
              "algorithm": "sha256",
              "hash": "0b4624f379dab24d3725ffde76559cff63d9ec94e1736b556dacdfebe5ab6d4b",
              "url": "https://files.pythonhosted.org/packages/db/4e/74bc723f2d22677387ab90cd9139e62874d14211be7172ed8c9f9a7c81a9/PyYAML-6.0-cp38-cp38-macosx_10_9_x86_64.whl"
            }
          ],
          "project_name": "pyyaml",
          "requires_dists": [],
          "requires_python": ">=3.6",
          "version": "6.0"
        },
        {
          "artifacts": [
            {
              "algorithm": "sha256",
              "hash": "07c3457ce0b3ad5124f98a86533106b643dd811dd61b548e78cf4c8786652f6f",
              "url": "https://files.pythonhosted.org/packages/69/f0/fb07a9548e48b687b8bf2fa81d71aba9cfc548d365046ca1c791e24db99d/scipy-1.10.1-cp38-cp38-manylinux_2_17_x86_64.manylinux2014_x86_64.whl"
            },
            {
              "algorithm": "sha256",
              "hash": "2cf9dfb80a7b4589ba4c40ce7588986d6d5cebc5457cad2c2880f6bc2d42f3a5",
              "url": "https://files.pythonhosted.org/packages/84/a9/2bf119f3f9cff1f376f924e39cfae18dec92a1514784046d185731301281/scipy-1.10.1.tar.gz"
            },
            {
              "algorithm": "sha256",
              "hash": "39becb03541f9e58243f4197584286e339029e8908c46f7221abeea4b749fa88",
              "url": "https://files.pythonhosted.org/packages/93/4a/50c436de1353cce8b66b26e49a687f10b91fe7465bf34e4565d810153003/scipy-1.10.1-cp38-cp38-macosx_12_0_arm64.whl"
            },
            {
              "algorithm": "sha256",
              "hash": "5678f88c68ea866ed9ebe3a989091088553ba12c6090244fdae3e467b1139c35",
              "url": "https://files.pythonhosted.org/packages/a0/e3/37508a11dae501349d7c16e4dd18c706a023629eedc650ee094593887a89/scipy-1.10.1-cp38-cp38-macosx_10_9_x86_64.whl"
            },
            {
              "algorithm": "sha256",
              "hash": "bce5869c8d68cf383ce240e44c1d9ae7c06078a9396df68ce88a1230f93a30c1",
              "url": "https://files.pythonhosted.org/packages/d2/b5/ff61b79ad0ebd15d87ade10e0f4e80114dd89fac34a5efade39e99048c91/scipy-1.10.1-cp38-cp38-manylinux_2_17_aarch64.manylinux2014_aarch64.whl"
            }
          ],
          "project_name": "scipy",
          "requires_dists": [
            "asv; extra == \"test\"",
            "click; extra == \"dev\"",
            "doit>=0.36.0; extra == \"dev\"",
            "flake8; extra == \"dev\"",
            "gmpy2; extra == \"test\"",
            "matplotlib>2; extra == \"doc\"",
            "mpmath; extra == \"test\"",
            "mypy; extra == \"dev\"",
            "numpy<1.27.0,>=1.19.5",
            "numpydoc; extra == \"doc\"",
            "pooch; extra == \"test\"",
            "pycodestyle; extra == \"dev\"",
            "pydata-sphinx-theme==0.9.0; extra == \"doc\"",
            "pydevtool; extra == \"dev\"",
            "pytest-cov; extra == \"test\"",
            "pytest-timeout; extra == \"test\"",
            "pytest-xdist; extra == \"test\"",
            "pytest; extra == \"test\"",
            "rich-click; extra == \"dev\"",
            "scikit-umfpack; extra == \"test\"",
            "sphinx!=4.1.0; extra == \"doc\"",
            "sphinx-design>=0.2.0; extra == \"doc\"",
            "threadpoolctl; extra == \"test\"",
            "typing_extensions; extra == \"dev\""
          ],
          "requires_python": "<3.12,>=3.8",
          "version": "1.10.1"
        },
        {
          "artifacts": [
            {
              "algorithm": "sha256",
              "hash": "e728ca814a823bf7bf60162daf9db95b93d532948c4c0bea762ce62f60189078",
              "url": "https://files.pythonhosted.org/packages/0b/fc/8781442def77b0aa22f63f266d4dadd486ebc0c5371d6290caf4320da4b7/setuptools-67.6.1-py3-none-any.whl"
            },
            {
              "algorithm": "sha256",
              "hash": "257de92a9d50a60b8e22abfcbb771571fde0dbf3ec234463212027a4eeecbe9a",
              "url": "https://files.pythonhosted.org/packages/cb/46/22ec35f286a77e6b94adf81b4f0d59f402ed981d4251df0ba7b992299146/setuptools-67.6.1.tar.gz"
            }
          ],
          "project_name": "setuptools",
          "requires_dists": [
            "build[virtualenv]; extra == \"testing\"",
            "build[virtualenv]; extra == \"testing-integration\"",
            "filelock>=3.4.0; extra == \"testing\"",
            "filelock>=3.4.0; extra == \"testing-integration\"",
            "flake8-2020; extra == \"testing\"",
            "flake8<5; extra == \"testing\"",
            "furo; extra == \"docs\"",
            "ini2toml[lite]>=0.9; extra == \"testing\"",
            "jaraco.envs>=2.2; extra == \"testing\"",
            "jaraco.envs>=2.2; extra == \"testing-integration\"",
            "jaraco.packaging>=9; extra == \"docs\"",
            "jaraco.path>=3.2.0; extra == \"testing\"",
            "jaraco.path>=3.2.0; extra == \"testing-integration\"",
            "jaraco.tidelift>=1.4; extra == \"docs\"",
            "pip-run>=8.8; extra == \"testing\"",
            "pip>=19.1; extra == \"testing\"",
            "pygments-github-lexers==0.0.5; extra == \"docs\"",
            "pytest-black>=0.3.7; platform_python_implementation != \"PyPy\" and extra == \"testing\"",
            "pytest-checkdocs>=2.4; extra == \"testing\"",
            "pytest-cov; platform_python_implementation != \"PyPy\" and extra == \"testing\"",
            "pytest-enabler; extra == \"testing-integration\"",
            "pytest-enabler>=1.3; extra == \"testing\"",
            "pytest-flake8; python_version < \"3.12\" and extra == \"testing\"",
            "pytest-mypy>=0.9.1; platform_python_implementation != \"PyPy\" and extra == \"testing\"",
            "pytest-perf; extra == \"testing\"",
            "pytest-timeout; extra == \"testing\"",
            "pytest-xdist; extra == \"testing\"",
            "pytest-xdist; extra == \"testing-integration\"",
            "pytest; extra == \"testing-integration\"",
            "pytest>=6; extra == \"testing\"",
            "rst.linker>=1.9; extra == \"docs\"",
            "sphinx-favicon; extra == \"docs\"",
            "sphinx-hoverxref<2; extra == \"docs\"",
            "sphinx-inline-tabs; extra == \"docs\"",
            "sphinx-lint; extra == \"docs\"",
            "sphinx-notfound-page==0.8.3; extra == \"docs\"",
            "sphinx-reredirects; extra == \"docs\"",
            "sphinx>=3.5; extra == \"docs\"",
            "sphinxcontrib-towncrier; extra == \"docs\"",
            "tomli-w>=1.0.0; extra == \"testing\"",
            "tomli; extra == \"testing-integration\"",
            "virtualenv>=13.0.0; extra == \"testing\"",
            "virtualenv>=13.0.0; extra == \"testing-integration\"",
            "wheel; extra == \"testing\"",
            "wheel; extra == \"testing-integration\""
          ],
          "requires_python": ">=3.7",
          "version": "67.6.1"
        },
        {
          "artifacts": [
            {
              "algorithm": "sha256",
              "hash": "b6653ed05f59c8c26d6a4b2337733b148dba20548484d6261c4e3e3fa81da4ed",
              "url": "git+https://github.com/mpcusack-color/ssw-py.git@b254233a1f48ffc160bff5d77a9b041c32e3cadf"
            }
          ],
          "project_name": "ssw-py",
          "requires_dists": [],
          "requires_python": null,
          "version": "0.2.7"
        },
        {
          "artifacts": [
            {
              "algorithm": "sha256",
              "hash": "939de3e7a6161af0c887ef91b7d41a53e7c5a1ca976325f429cb46ea9bc30ecc",
              "url": "https://files.pythonhosted.org/packages/97/75/10a9ebee3fd790d20926a90a2547f0bf78f371b2f13aa822c759680ca7b9/tomli-2.0.1-py3-none-any.whl"
            },
            {
              "algorithm": "sha256",
              "hash": "de526c12914f0c550d15924c62d72abc48d6fe7364aa87328337a31007fe8a4f",
              "url": "https://files.pythonhosted.org/packages/c0/3f/d7af728f075fb08564c5949a9c95e44352e23dee646869fa104a3b2060a3/tomli-2.0.1.tar.gz"
            }
          ],
          "project_name": "tomli",
          "requires_dists": [],
          "requires_python": ">=3.7",
          "version": "2.0.1"
        }
      ],
      "platform_tag": null
    }
  ],
  "path_mappings": {},
  "pex_version": "2.1.130",
  "pip_version": "20.3.4-patched",
  "prefer_older_binary": false,
  "requirements": [
    "aldy==4.4",
    "setuptools",
    "ssw-py"
  ],
  "requires_python": [
    "==3.8.*"
  ],
  "resolver_version": "pip-2020-resolver",
  "style": "universal",
  "target_systems": [
    "linux",
    "mac"
  ],
  "transitive": true,
  "use_pep517": null
}
